
Microsoft Visual Studio Solution File, Format Version 12.00
# Visual Studio 2013
VisualStudioVersion = 12.0.31101.0
MinimumVisualStudioVersion = 10.0.40219.1
Project("{FAE04EC0-301F-11D3-BF4B-00C04F79EFBC}") = "Web", "Web\Web.csproj", "{4B245268-9E61-47B4-8B8B-BFDB29858CC7}"
EndProject
Project("{2150E333-8FDC-42A3-9474-1A3956D46DE8}") = ".nuget", ".nuget", "{40B2DBFE-4970-4F54-8DD9-9434832ECC0B}"
	ProjectSection(SolutionItems) = preProject
		.nuget\NuGet.Config = .nuget\NuGet.Config
		.nuget\NuGet.exe = .nuget\NuGet.exe
		.nuget\NuGet.targets = .nuget\NuGet.targets
	EndProjectSection
EndProject
Project("{FAE04EC0-301F-11D3-BF4B-00C04F79EFBC}") = "Resources", "Resources\Resources.csproj", "{87C1FAEE-88E4-41F9-A66D-2E52A37E27B5}"
EndProject
Project("{FAE04EC0-301F-11D3-BF4B-00C04F79EFBC}") = "Diagnostics", "Diagnostics\Diagnostics.csproj", "{FA2D348C-A9D9-45EF-8059-1AB5D1554E67}"
EndProject
Project("{FAE04EC0-301F-11D3-BF4B-00C04F79EFBC}") = "JsonConfigurationProvider", "JsonConfigurationProvider\JsonConfigurationProvider.csproj", "{7BAEF581-A42B-4A8A-AF73-E9B1F52C1FFA}"
EndProject
Project("{FAE04EC0-301F-11D3-BF4B-00C04F79EFBC}") = "Api.Logging", "Api.Logging\Api.Logging.csproj", "{394150E4-5135-4952-8844-2A4FCEA5D99C}"
EndProject
Project("{2150E333-8FDC-42A3-9474-1A3956D46DE8}") = "grunt", "grunt", "{8437A769-56D6-4FAA-9B2D-436FC1F79E5E}"
	ProjectSection(SolutionItems) = preProject
		Gruntfile.js = Gruntfile.js
		jscript-file-list.json = jscript-file-list.json
	EndProjectSection
EndProject
Project("{FAE04EC0-301F-11D3-BF4B-00C04F79EFBC}") = "Api", "Api\Api.csproj", "{4EA79D6A-1DE0-41FD-966C-25511DFB2A26}"
EndProject
Project("{FAE04EC0-301F-11D3-BF4B-00C04F79EFBC}") = "Common", "Common\Common.csproj", "{57171EFF-D3D2-4ABB-BA72-3D561594595B}"
EndProject
Project("{2150E333-8FDC-42A3-9474-1A3956D46DE8}") = "config.shared", "config.shared", "{58FDCDDF-1EA5-4772-B283-0B1DAF70A3D1}"
	ProjectSection(SolutionItems) = preProject
		config.shared\dev.json = config.shared\dev.json
		config.shared\prod.json = config.shared\prod.json
	EndProjectSection
EndProject
Project("{2150E333-8FDC-42A3-9474-1A3956D46DE8}") = "docs", "docs", "{6634BD63-C2D8-4BDE-A894-3D586770B886}"
	ProjectSection(SolutionItems) = preProject
		docs\client-mesages-convention.txt = docs\client-mesages-convention.txt
	EndProjectSection
EndProject
Global
	GlobalSection(SolutionConfigurationPlatforms) = preSolution
		Debug|Any CPU = Debug|Any CPU
		Release|Any CPU = Release|Any CPU
	EndGlobalSection
	GlobalSection(ProjectConfigurationPlatforms) = postSolution
		{4B245268-9E61-47B4-8B8B-BFDB29858CC7}.Debug|Any CPU.ActiveCfg = Debug|Any CPU
		{4B245268-9E61-47B4-8B8B-BFDB29858CC7}.Debug|Any CPU.Build.0 = Debug|Any CPU
		{4B245268-9E61-47B4-8B8B-BFDB29858CC7}.Release|Any CPU.ActiveCfg = Release|Any CPU
		{4B245268-9E61-47B4-8B8B-BFDB29858CC7}.Release|Any CPU.Build.0 = Release|Any CPU
		{87C1FAEE-88E4-41F9-A66D-2E52A37E27B5}.Debug|Any CPU.ActiveCfg = Debug|Any CPU
		{87C1FAEE-88E4-41F9-A66D-2E52A37E27B5}.Debug|Any CPU.Build.0 = Debug|Any CPU
		{87C1FAEE-88E4-41F9-A66D-2E52A37E27B5}.Release|Any CPU.ActiveCfg = Release|Any CPU
		{87C1FAEE-88E4-41F9-A66D-2E52A37E27B5}.Release|Any CPU.Build.0 = Release|Any CPU
		{FA2D348C-A9D9-45EF-8059-1AB5D1554E67}.Debug|Any CPU.ActiveCfg = Debug|Any CPU
		{FA2D348C-A9D9-45EF-8059-1AB5D1554E67}.Debug|Any CPU.Build.0 = Debug|Any CPU
		{FA2D348C-A9D9-45EF-8059-1AB5D1554E67}.Release|Any CPU.ActiveCfg = Release|Any CPU
		{FA2D348C-A9D9-45EF-8059-1AB5D1554E67}.Release|Any CPU.Build.0 = Release|Any CPU
		{7BAEF581-A42B-4A8A-AF73-E9B1F52C1FFA}.Debug|Any CPU.ActiveCfg = Debug|Any CPU
		{7BAEF581-A42B-4A8A-AF73-E9B1F52C1FFA}.Debug|Any CPU.Build.0 = Debug|Any CPU
		{7BAEF581-A42B-4A8A-AF73-E9B1F52C1FFA}.Release|Any CPU.ActiveCfg = Release|Any CPU
		{7BAEF581-A42B-4A8A-AF73-E9B1F52C1FFA}.Release|Any CPU.Build.0 = Release|Any CPU
		{394150E4-5135-4952-8844-2A4FCEA5D99C}.Debug|Any CPU.ActiveCfg = Debug|Any CPU
		{394150E4-5135-4952-8844-2A4FCEA5D99C}.Debug|Any CPU.Build.0 = Debug|Any CPU
		{394150E4-5135-4952-8844-2A4FCEA5D99C}.Release|Any CPU.ActiveCfg = Release|Any CPU
		{394150E4-5135-4952-8844-2A4FCEA5D99C}.Release|Any CPU.Build.0 = Release|Any CPU
		{4EA79D6A-1DE0-41FD-966C-25511DFB2A26}.Debug|Any CPU.ActiveCfg = Debug|Any CPU
		{4EA79D6A-1DE0-41FD-966C-25511DFB2A26}.Debug|Any CPU.Build.0 = Debug|Any CPU
		{4EA79D6A-1DE0-41FD-966C-25511DFB2A26}.Release|Any CPU.ActiveCfg = Release|Any CPU
		{4EA79D6A-1DE0-41FD-966C-25511DFB2A26}.Release|Any CPU.Build.0 = Release|Any CPU
		{57171EFF-D3D2-4ABB-BA72-3D561594595B}.Debug|Any CPU.ActiveCfg = Debug|Any CPU
		{57171EFF-D3D2-4ABB-BA72-3D561594595B}.Debug|Any CPU.Build.0 = Debug|Any CPU
		{57171EFF-D3D2-4ABB-BA72-3D561594595B}.Release|Any CPU.ActiveCfg = Release|Any CPU
		{57171EFF-D3D2-4ABB-BA72-3D561594595B}.Release|Any CPU.Build.0 = Release|Any CPU
	EndGlobalSection
	GlobalSection(SolutionProperties) = preSolution
		HideSolutionNode = FALSE
	EndGlobalSection
EndGlobal
